// !$*UTF8*$!
{
	archiveVersion = 1;
	classes = {
	};
	objectVersion = 50;
	objects = {

/* Begin PBXBuildFile section */
		2424B9BE243127D400501183 /* BarChartViewController.swift in Sources */ = {isa = PBXBuildFile; fileRef = 2424B9BD243127D400501183 /* BarChartViewController.swift */; };
		2424B9C0243128A600501183 /* TabbarMasterViewController.swift in Sources */ = {isa = PBXBuildFile; fileRef = 2424B9BF243128A600501183 /* TabbarMasterViewController.swift */; };
		245547B22431557B0094BD64 /* LoginPostRequest.swift in Sources */ = {isa = PBXBuildFile; fileRef = 245547B12431557B0094BD64 /* LoginPostRequest.swift */; };
		245547B42431558C0094BD64 /* SignUpPostRequest.swift in Sources */ = {isa = PBXBuildFile; fileRef = 245547B32431558C0094BD64 /* SignUpPostRequest.swift */; };
		24619BF624314204005C40E2 /* TransactionsViewController.swift in Sources */ = {isa = PBXBuildFile; fileRef = 24619BF524314204005C40E2 /* TransactionsViewController.swift */; };
		246AFB4C242FC78500C33481 /* AppDelegate.swift in Sources */ = {isa = PBXBuildFile; fileRef = 246AFB4B242FC78500C33481 /* AppDelegate.swift */; };
		246AFB4E242FC78500C33481 /* SceneDelegate.swift in Sources */ = {isa = PBXBuildFile; fileRef = 246AFB4D242FC78500C33481 /* SceneDelegate.swift */; };
		246AFB55242FC78A00C33481 /* Assets.xcassets in Resources */ = {isa = PBXBuildFile; fileRef = 246AFB54242FC78A00C33481 /* Assets.xcassets */; };
		246AFB58242FC78A00C33481 /* LaunchScreen.storyboard in Resources */ = {isa = PBXBuildFile; fileRef = 246AFB56242FC78A00C33481 /* LaunchScreen.storyboard */; };
		246AFB63242FC78A00C33481 /* BudgetAppTests.swift in Sources */ = {isa = PBXBuildFile; fileRef = 246AFB62242FC78A00C33481 /* BudgetAppTests.swift */; };
		246AFB6E242FC78A00C33481 /* BudgetAppUITests.swift in Sources */ = {isa = PBXBuildFile; fileRef = 246AFB6D242FC78A00C33481 /* BudgetAppUITests.swift */; };
		246AFB7C242FC90500C33481 /* BudgetTableCell.xib in Resources */ = {isa = PBXBuildFile; fileRef = 246AFB7B242FC90500C33481 /* BudgetTableCell.xib */; };
		246AFB80242FCAD900C33481 /* BudgetAppStoryBoard.storyboard in Resources */ = {isa = PBXBuildFile; fileRef = 246AFB7F242FCAD900C33481 /* BudgetAppStoryBoard.storyboard */; };
		246AFB82242FD27E00C33481 /* LoginViewController.swift in Sources */ = {isa = PBXBuildFile; fileRef = 246AFB81242FD27E00C33481 /* LoginViewController.swift */; };
		246AFB8A242FE8C400C33481 /* User.swift in Sources */ = {isa = PBXBuildFile; fileRef = 246AFB89242FE8C400C33481 /* User.swift */; };
		246AFB8E243008AF00C33481 /* Transaction.swift in Sources */ = {isa = PBXBuildFile; fileRef = 246AFB8D243008AF00C33481 /* Transaction.swift */; };
		246AFB90243008C300C33481 /* Category.swift in Sources */ = {isa = PBXBuildFile; fileRef = 246AFB8F243008C300C33481 /* Category.swift */; };
		246BC54024311207009B0C36 /* TextFieldExtension.swift in Sources */ = {isa = PBXBuildFile; fileRef = 246BC53F24311207009B0C36 /* TextFieldExtension.swift */; };
		246DE69B2430139900864CF0 /* SignUpViewController.swift in Sources */ = {isa = PBXBuildFile; fileRef = 246DE69A2430139900864CF0 /* SignUpViewController.swift */; };
		246DE6A7243019FE00864CF0 /* PieChartViewController.swift in Sources */ = {isa = PBXBuildFile; fileRef = 246DE6A6243019FE00864CF0 /* PieChartViewController.swift */; };
		246DE6B024301B5B00864CF0 /* Charts.framework in Frameworks */ = {isa = PBXBuildFile; fileRef = 246DE6AF24301B5B00864CF0 /* Charts.framework */; };
		246DE6B124301B5B00864CF0 /* Charts.framework in Embed Frameworks */ = {isa = PBXBuildFile; fileRef = 246DE6AF24301B5B00864CF0 /* Charts.framework */; settings = {ATTRIBUTES = (CodeSignOnCopy, RemoveHeadersOnCopy, ); }; };
/* End PBXBuildFile section */

/* Begin PBXContainerItemProxy section */
		246AFB5F242FC78A00C33481 /* PBXContainerItemProxy */ = {
			isa = PBXContainerItemProxy;
			containerPortal = 246AFB40242FC78500C33481 /* Project object */;
			proxyType = 1;
			remoteGlobalIDString = 246AFB47242FC78500C33481;
			remoteInfo = BudgetApp;
		};
		246AFB6A242FC78A00C33481 /* PBXContainerItemProxy */ = {
			isa = PBXContainerItemProxy;
			containerPortal = 246AFB40242FC78500C33481 /* Project object */;
			proxyType = 1;
			remoteGlobalIDString = 246AFB47242FC78500C33481;
			remoteInfo = BudgetApp;
		};
		246DE6B824301E5C00864CF0 /* PBXContainerItemProxy */ = {
			isa = PBXContainerItemProxy;
			containerPortal = 246DE6B324301E5B00864CF0 /* Charts.xcodeproj */;
			proxyType = 2;
			remoteGlobalIDString = 65AD9E95D9ED4DC0BD73A743;
			remoteInfo = Charts;
		};
		246DE6BA24301E5C00864CF0 /* PBXContainerItemProxy */ = {
			isa = PBXContainerItemProxy;
			containerPortal = 246DE6B324301E5B00864CF0 /* Charts.xcodeproj */;
			proxyType = 2;
			remoteGlobalIDString = 1CBBC58C6CE1EBEE9852CE41;
			remoteInfo = ChartsTests;
		};
/* End PBXContainerItemProxy section */

/* Begin PBXCopyFilesBuildPhase section */
		246DE6B224301B5B00864CF0 /* Embed Frameworks */ = {
			isa = PBXCopyFilesBuildPhase;
			buildActionMask = 2147483647;
			dstPath = "";
			dstSubfolderSpec = 10;
			files = (
				246DE6B124301B5B00864CF0 /* Charts.framework in Embed Frameworks */,
			);
			name = "Embed Frameworks";
			runOnlyForDeploymentPostprocessing = 0;
		};
/* End PBXCopyFilesBuildPhase section */

/* Begin PBXFileReference section */
		2424B9BD243127D400501183 /* BarChartViewController.swift */ = {isa = PBXFileReference; lastKnownFileType = sourcecode.swift; path = BarChartViewController.swift; sourceTree = "<group>"; };
		2424B9BF243128A600501183 /* TabbarMasterViewController.swift */ = {isa = PBXFileReference; lastKnownFileType = sourcecode.swift; path = TabbarMasterViewController.swift; sourceTree = "<group>"; };
		245547B12431557B0094BD64 /* LoginPostRequest.swift */ = {isa = PBXFileReference; lastKnownFileType = sourcecode.swift; path = LoginPostRequest.swift; sourceTree = "<group>"; };
		245547B32431558C0094BD64 /* SignUpPostRequest.swift */ = {isa = PBXFileReference; lastKnownFileType = sourcecode.swift; path = SignUpPostRequest.swift; sourceTree = "<group>"; };
		24619BF524314204005C40E2 /* TransactionsViewController.swift */ = {isa = PBXFileReference; lastKnownFileType = sourcecode.swift; path = TransactionsViewController.swift; sourceTree = "<group>"; };
		246AFB48242FC78500C33481 /* BudgetApp.app */ = {isa = PBXFileReference; explicitFileType = wrapper.application; includeInIndex = 0; path = BudgetApp.app; sourceTree = BUILT_PRODUCTS_DIR; };
		246AFB4B242FC78500C33481 /* AppDelegate.swift */ = {isa = PBXFileReference; lastKnownFileType = sourcecode.swift; path = AppDelegate.swift; sourceTree = "<group>"; };
		246AFB4D242FC78500C33481 /* SceneDelegate.swift */ = {isa = PBXFileReference; lastKnownFileType = sourcecode.swift; path = SceneDelegate.swift; sourceTree = "<group>"; };
		246AFB54242FC78A00C33481 /* Assets.xcassets */ = {isa = PBXFileReference; lastKnownFileType = folder.assetcatalog; path = Assets.xcassets; sourceTree = "<group>"; };
		246AFB57242FC78A00C33481 /* Base */ = {isa = PBXFileReference; lastKnownFileType = file.storyboard; name = Base; path = Base.lproj/LaunchScreen.storyboard; sourceTree = "<group>"; };
		246AFB59242FC78A00C33481 /* Info.plist */ = {isa = PBXFileReference; lastKnownFileType = text.plist.xml; path = Info.plist; sourceTree = "<group>"; };
		246AFB5E242FC78A00C33481 /* BudgetAppTests.xctest */ = {isa = PBXFileReference; explicitFileType = wrapper.cfbundle; includeInIndex = 0; path = BudgetAppTests.xctest; sourceTree = BUILT_PRODUCTS_DIR; };
		246AFB62242FC78A00C33481 /* BudgetAppTests.swift */ = {isa = PBXFileReference; lastKnownFileType = sourcecode.swift; path = BudgetAppTests.swift; sourceTree = "<group>"; };
		246AFB64242FC78A00C33481 /* Info.plist */ = {isa = PBXFileReference; lastKnownFileType = text.plist.xml; path = Info.plist; sourceTree = "<group>"; };
		246AFB69242FC78A00C33481 /* BudgetAppUITests.xctest */ = {isa = PBXFileReference; explicitFileType = wrapper.cfbundle; includeInIndex = 0; path = BudgetAppUITests.xctest; sourceTree = BUILT_PRODUCTS_DIR; };
		246AFB6D242FC78A00C33481 /* BudgetAppUITests.swift */ = {isa = PBXFileReference; lastKnownFileType = sourcecode.swift; path = BudgetAppUITests.swift; sourceTree = "<group>"; };
		246AFB6F242FC78A00C33481 /* Info.plist */ = {isa = PBXFileReference; lastKnownFileType = text.plist.xml; path = Info.plist; sourceTree = "<group>"; };
		246AFB7B242FC90500C33481 /* BudgetTableCell.xib */ = {isa = PBXFileReference; lastKnownFileType = file.xib; path = BudgetTableCell.xib; sourceTree = "<group>"; };
		246AFB7F242FCAD900C33481 /* BudgetAppStoryBoard.storyboard */ = {isa = PBXFileReference; lastKnownFileType = file.storyboard; path = BudgetAppStoryBoard.storyboard; sourceTree = "<group>"; };
		246AFB81242FD27E00C33481 /* LoginViewController.swift */ = {isa = PBXFileReference; lastKnownFileType = sourcecode.swift; path = LoginViewController.swift; sourceTree = "<group>"; };
		246AFB89242FE8C400C33481 /* User.swift */ = {isa = PBXFileReference; lastKnownFileType = sourcecode.swift; path = User.swift; sourceTree = "<group>"; };
		246AFB8D243008AF00C33481 /* Transaction.swift */ = {isa = PBXFileReference; lastKnownFileType = sourcecode.swift; path = Transaction.swift; sourceTree = "<group>"; };
		246AFB8F243008C300C33481 /* Category.swift */ = {isa = PBXFileReference; lastKnownFileType = sourcecode.swift; path = Category.swift; sourceTree = "<group>"; };
		246BC53F24311207009B0C36 /* TextFieldExtension.swift */ = {isa = PBXFileReference; lastKnownFileType = sourcecode.swift; path = TextFieldExtension.swift; sourceTree = "<group>"; };
		246DE69A2430139900864CF0 /* SignUpViewController.swift */ = {isa = PBXFileReference; lastKnownFileType = sourcecode.swift; path = SignUpViewController.swift; sourceTree = "<group>"; };
		246DE6A6243019FE00864CF0 /* PieChartViewController.swift */ = {isa = PBXFileReference; lastKnownFileType = sourcecode.swift; path = PieChartViewController.swift; sourceTree = "<group>"; };
		246DE6AF24301B5B00864CF0 /* Charts.framework */ = {isa = PBXFileReference; lastKnownFileType = wrapper.framework; name = Charts.framework; path = "../../../Library/Developer/Xcode/DerivedData/BudgetApp-draulsjshjhwikehabmmsnicqwrq/Build/Products/Debug-iphonesimulator/Charts.framework"; sourceTree = "<group>"; };
		246DE6B324301E5B00864CF0 /* Charts.xcodeproj */ = {isa = PBXFileReference; lastKnownFileType = "wrapper.pb-project"; name = Charts.xcodeproj; path = ../Charts/Charts.xcodeproj; sourceTree = "<group>"; };
/* End PBXFileReference section */

/* Begin PBXFrameworksBuildPhase section */
		246AFB45242FC78500C33481 /* Frameworks */ = {
			isa = PBXFrameworksBuildPhase;
			buildActionMask = 2147483647;
			files = (
				246DE6B024301B5B00864CF0 /* Charts.framework in Frameworks */,
			);
			runOnlyForDeploymentPostprocessing = 0;
		};
		246AFB5B242FC78A00C33481 /* Frameworks */ = {
			isa = PBXFrameworksBuildPhase;
			buildActionMask = 2147483647;
			files = (
			);
			runOnlyForDeploymentPostprocessing = 0;
		};
		246AFB66242FC78A00C33481 /* Frameworks */ = {
			isa = PBXFrameworksBuildPhase;
			buildActionMask = 2147483647;
			files = (
			);
			runOnlyForDeploymentPostprocessing = 0;
		};
/* End PBXFrameworksBuildPhase section */

/* Begin PBXGroup section */
		245547AE2431553D0094BD64 /* Networking */ = {
			isa = PBXGroup;
			children = (
				245547B12431557B0094BD64 /* LoginPostRequest.swift */,
				245547B32431558C0094BD64 /* SignUpPostRequest.swift */,
			);
			path = Networking;
			sourceTree = "<group>";
		};
		246AFB3F242FC78500C33481 = {
			isa = PBXGroup;
			children = (
				246DE6B324301E5B00864CF0 /* Charts.xcodeproj */,
				246AFB4A242FC78500C33481 /* BudgetApp */,
				246AFB61242FC78A00C33481 /* BudgetAppTests */,
				246AFB6C242FC78A00C33481 /* BudgetAppUITests */,
				246AFB49242FC78500C33481 /* Products */,
				246DE69C243019C100864CF0 /* Frameworks */,
			);
			sourceTree = "<group>";
		};
		246AFB49242FC78500C33481 /* Products */ = {
			isa = PBXGroup;
			children = (
				246AFB48242FC78500C33481 /* BudgetApp.app */,
				246AFB5E242FC78A00C33481 /* BudgetAppTests.xctest */,
				246AFB69242FC78A00C33481 /* BudgetAppUITests.xctest */,
			);
			name = Products;
			sourceTree = "<group>";
		};
		246AFB4A242FC78500C33481 /* BudgetApp */ = {
			isa = PBXGroup;
			children = (
				246AFB4B242FC78500C33481 /* AppDelegate.swift */,
				246AFB59242FC78A00C33481 /* Info.plist */,
				245547AE2431553D0094BD64 /* Networking */,
				246AFB88242FE8B200C33481 /* Models */,
				246AFB85242FD2E600C33481 /* ViewControllers */,
				246AFB84242FD2CA00C33481 /* UI */,
				246AFB83242FD2B300C33481 /* Extras */,
			);
			path = BudgetApp;
			sourceTree = "<group>";
		};
		246AFB61242FC78A00C33481 /* BudgetAppTests */ = {
			isa = PBXGroup;
			children = (
				246AFB62242FC78A00C33481 /* BudgetAppTests.swift */,
				246AFB64242FC78A00C33481 /* Info.plist */,
			);
			path = BudgetAppTests;
			sourceTree = "<group>";
		};
		246AFB6C242FC78A00C33481 /* BudgetAppUITests */ = {
			isa = PBXGroup;
			children = (
				246AFB6D242FC78A00C33481 /* BudgetAppUITests.swift */,
				246AFB6F242FC78A00C33481 /* Info.plist */,
			);
			path = BudgetAppUITests;
			sourceTree = "<group>";
		};
		246AFB83242FD2B300C33481 /* Extras */ = {
			isa = PBXGroup;
			children = (
				246AFB54242FC78A00C33481 /* Assets.xcassets */,
				246AFB56242FC78A00C33481 /* LaunchScreen.storyboard */,
				246AFB4D242FC78500C33481 /* SceneDelegate.swift */,
				246BC53F24311207009B0C36 /* TextFieldExtension.swift */,
			);
			path = Extras;
			sourceTree = "<group>";
		};
		246AFB84242FD2CA00C33481 /* UI */ = {
			isa = PBXGroup;
			children = (
				246AFB7F242FCAD900C33481 /* BudgetAppStoryBoard.storyboard */,
				246AFB7B242FC90500C33481 /* BudgetTableCell.xib */,
			);
			path = UI;
			sourceTree = "<group>";
		};
		246AFB85242FD2E600C33481 /* ViewControllers */ = {
			isa = PBXGroup;
			children = (
				246AFB81242FD27E00C33481 /* LoginViewController.swift */,
				246DE69A2430139900864CF0 /* SignUpViewController.swift */,
				246DE6A6243019FE00864CF0 /* PieChartViewController.swift */,
				2424B9BD243127D400501183 /* BarChartViewController.swift */,
				2424B9BF243128A600501183 /* TabbarMasterViewController.swift */,
				24619BF524314204005C40E2 /* TransactionsViewController.swift */,
			);
			path = ViewControllers;
			sourceTree = "<group>";
		};
		246AFB88242FE8B200C33481 /* Models */ = {
			isa = PBXGroup;
			children = (
				246AFB89242FE8C400C33481 /* User.swift */,
				246AFB8F243008C300C33481 /* Category.swift */,
				246AFB8D243008AF00C33481 /* Transaction.swift */,
			);
			path = Models;
			sourceTree = "<group>";
		};
		246DE69C243019C100864CF0 /* Frameworks */ = {
			isa = PBXGroup;
			children = (
				246DE6AF24301B5B00864CF0 /* Charts.framework */,
			);
			name = Frameworks;
			sourceTree = "<group>";
		};
		246DE6B424301E5B00864CF0 /* Products */ = {
			isa = PBXGroup;
			children = (
				246DE6B924301E5C00864CF0 /* Charts.framework */,
				246DE6BB24301E5C00864CF0 /* ChartsTests.xctest */,
			);
			name = Products;
			sourceTree = "<group>";
		};
/* End PBXGroup section */

/* Begin PBXNativeTarget section */
		246AFB47242FC78500C33481 /* BudgetApp */ = {
			isa = PBXNativeTarget;
			buildConfigurationList = 246AFB72242FC78A00C33481 /* Build configuration list for PBXNativeTarget "BudgetApp" */;
			buildPhases = (
				246AFB44242FC78500C33481 /* Sources */,
				246AFB45242FC78500C33481 /* Frameworks */,
				246AFB46242FC78500C33481 /* Resources */,
				246DE6B224301B5B00864CF0 /* Embed Frameworks */,
			);
			buildRules = (
			);
			dependencies = (
			);
			name = BudgetApp;
			productName = BudgetApp;
			productReference = 246AFB48242FC78500C33481 /* BudgetApp.app */;
			productType = "com.apple.product-type.application";
		};
		246AFB5D242FC78A00C33481 /* BudgetAppTests */ = {
			isa = PBXNativeTarget;
			buildConfigurationList = 246AFB75242FC78A00C33481 /* Build configuration list for PBXNativeTarget "BudgetAppTests" */;
			buildPhases = (
				246AFB5A242FC78A00C33481 /* Sources */,
				246AFB5B242FC78A00C33481 /* Frameworks */,
				246AFB5C242FC78A00C33481 /* Resources */,
			);
			buildRules = (
			);
			dependencies = (
				246AFB60242FC78A00C33481 /* PBXTargetDependency */,
			);
			name = BudgetAppTests;
			productName = BudgetAppTests;
			productReference = 246AFB5E242FC78A00C33481 /* BudgetAppTests.xctest */;
			productType = "com.apple.product-type.bundle.unit-test";
		};
		246AFB68242FC78A00C33481 /* BudgetAppUITests */ = {
			isa = PBXNativeTarget;
			buildConfigurationList = 246AFB78242FC78A00C33481 /* Build configuration list for PBXNativeTarget "BudgetAppUITests" */;
			buildPhases = (
				246AFB65242FC78A00C33481 /* Sources */,
				246AFB66242FC78A00C33481 /* Frameworks */,
				246AFB67242FC78A00C33481 /* Resources */,
			);
			buildRules = (
			);
			dependencies = (
				246AFB6B242FC78A00C33481 /* PBXTargetDependency */,
			);
			name = BudgetAppUITests;
			productName = BudgetAppUITests;
			productReference = 246AFB69242FC78A00C33481 /* BudgetAppUITests.xctest */;
			productType = "com.apple.product-type.bundle.ui-testing";
		};
/* End PBXNativeTarget section */

/* Begin PBXProject section */
		246AFB40242FC78500C33481 /* Project object */ = {
			isa = PBXProject;
			attributes = {
				LastSwiftUpdateCheck = 1120;
				LastUpgradeCheck = 1120;
				ORGANIZATIONNAME = "Chris Kozich";
				TargetAttributes = {
					246AFB47242FC78500C33481 = {
						CreatedOnToolsVersion = 11.2.1;
					};
					246AFB5D242FC78A00C33481 = {
						CreatedOnToolsVersion = 11.2.1;
						TestTargetID = 246AFB47242FC78500C33481;
					};
					246AFB68242FC78A00C33481 = {
						CreatedOnToolsVersion = 11.2.1;
						TestTargetID = 246AFB47242FC78500C33481;
					};
				};
			};
			buildConfigurationList = 246AFB43242FC78500C33481 /* Build configuration list for PBXProject "BudgetApp" */;
			compatibilityVersion = "Xcode 9.3";
			developmentRegion = en;
			hasScannedForEncodings = 0;
			knownRegions = (
				en,
				Base,
			);
			mainGroup = 246AFB3F242FC78500C33481;
			productRefGroup = 246AFB49242FC78500C33481 /* Products */;
			projectDirPath = "";
			projectReferences = (
				{
					ProductGroup = 246DE6B424301E5B00864CF0 /* Products */;
					ProjectRef = 246DE6B324301E5B00864CF0 /* Charts.xcodeproj */;
				},
			);
			projectRoot = "";
			targets = (
				246AFB47242FC78500C33481 /* BudgetApp */,
				246AFB5D242FC78A00C33481 /* BudgetAppTests */,
				246AFB68242FC78A00C33481 /* BudgetAppUITests */,
			);
		};
/* End PBXProject section */

/* Begin PBXReferenceProxy section */
		246DE6B924301E5C00864CF0 /* Charts.framework */ = {
			isa = PBXReferenceProxy;
			fileType = wrapper.framework;
			path = Charts.framework;
			remoteRef = 246DE6B824301E5C00864CF0 /* PBXContainerItemProxy */;
			sourceTree = BUILT_PRODUCTS_DIR;
		};
		246DE6BB24301E5C00864CF0 /* ChartsTests.xctest */ = {
			isa = PBXReferenceProxy;
			fileType = wrapper.cfbundle;
			path = ChartsTests.xctest;
			remoteRef = 246DE6BA24301E5C00864CF0 /* PBXContainerItemProxy */;
			sourceTree = BUILT_PRODUCTS_DIR;
		};
/* End PBXReferenceProxy section */

/* Begin PBXResourcesBuildPhase section */
		246AFB46242FC78500C33481 /* Resources */ = {
			isa = PBXResourcesBuildPhase;
			buildActionMask = 2147483647;
			files = (
				246AFB58242FC78A00C33481 /* LaunchScreen.storyboard in Resources */,
				246AFB55242FC78A00C33481 /* Assets.xcassets in Resources */,
				246AFB80242FCAD900C33481 /* BudgetAppStoryBoard.storyboard in Resources */,
				246AFB7C242FC90500C33481 /* BudgetTableCell.xib in Resources */,
			);
			runOnlyForDeploymentPostprocessing = 0;
		};
		246AFB5C242FC78A00C33481 /* Resources */ = {
			isa = PBXResourcesBuildPhase;
			buildActionMask = 2147483647;
			files = (
			);
			runOnlyForDeploymentPostprocessing = 0;
		};
		246AFB67242FC78A00C33481 /* Resources */ = {
			isa = PBXResourcesBuildPhase;
			buildActionMask = 2147483647;
			files = (
			);
			runOnlyForDeploymentPostprocessing = 0;
		};
/* End PBXResourcesBuildPhase section */

/* Begin PBXSourcesBuildPhase section */
		246AFB44242FC78500C33481 /* Sources */ = {
			isa = PBXSourcesBuildPhase;
			buildActionMask = 2147483647;
			files = (
				2424B9C0243128A600501183 /* TabbarMasterViewController.swift in Sources */,
				246AFB8E243008AF00C33481 /* Transaction.swift in Sources */,
				246AFB8A242FE8C400C33481 /* User.swift in Sources */,
				2424B9BE243127D400501183 /* BarChartViewController.swift in Sources */,
				246DE69B2430139900864CF0 /* SignUpViewController.swift in Sources */,
				24619BF624314204005C40E2 /* TransactionsViewController.swift in Sources */,
				246BC54024311207009B0C36 /* TextFieldExtension.swift in Sources */,
				246AFB82242FD27E00C33481 /* LoginViewController.swift in Sources */,
				246AFB4C242FC78500C33481 /* AppDelegate.swift in Sources */,
				245547B42431558C0094BD64 /* SignUpPostRequest.swift in Sources */,
				246DE6A7243019FE00864CF0 /* PieChartViewController.swift in Sources */,
				245547B22431557B0094BD64 /* LoginPostRequest.swift in Sources */,
				246AFB4E242FC78500C33481 /* SceneDelegate.swift in Sources */,
				246AFB90243008C300C33481 /* Category.swift in Sources */,
			);
			runOnlyForDeploymentPostprocessing = 0;
		};
		246AFB5A242FC78A00C33481 /* Sources */ = {
			isa = PBXSourcesBuildPhase;
			buildActionMask = 2147483647;
			files = (
				246AFB63242FC78A00C33481 /* BudgetAppTests.swift in Sources */,
			);
			runOnlyForDeploymentPostprocessing = 0;
		};
		246AFB65242FC78A00C33481 /* Sources */ = {
			isa = PBXSourcesBuildPhase;
			buildActionMask = 2147483647;
			files = (
				246AFB6E242FC78A00C33481 /* BudgetAppUITests.swift in Sources */,
			);
			runOnlyForDeploymentPostprocessing = 0;
		};
/* End PBXSourcesBuildPhase section */

/* Begin PBXTargetDependency section */
		246AFB60242FC78A00C33481 /* PBXTargetDependency */ = {
			isa = PBXTargetDependency;
			target = 246AFB47242FC78500C33481 /* BudgetApp */;
			targetProxy = 246AFB5F242FC78A00C33481 /* PBXContainerItemProxy */;
		};
		246AFB6B242FC78A00C33481 /* PBXTargetDependency */ = {
			isa = PBXTargetDependency;
			target = 246AFB47242FC78500C33481 /* BudgetApp */;
			targetProxy = 246AFB6A242FC78A00C33481 /* PBXContainerItemProxy */;
		};
/* End PBXTargetDependency section */

/* Begin PBXVariantGroup section */
		246AFB56242FC78A00C33481 /* LaunchScreen.storyboard */ = {
			isa = PBXVariantGroup;
			children = (
				246AFB57242FC78A00C33481 /* Base */,
			);
			name = LaunchScreen.storyboard;
			sourceTree = "<group>";
		};
/* End PBXVariantGroup section */

/* Begin XCBuildConfiguration section */
		246AFB70242FC78A00C33481 /* Debug */ = {
			isa = XCBuildConfiguration;
			buildSettings = {
				ALWAYS_SEARCH_USER_PATHS = NO;
				CLANG_ANALYZER_NONNULL = YES;
				CLANG_ANALYZER_NUMBER_OBJECT_CONVERSION = YES_AGGRESSIVE;
				CLANG_CXX_LANGUAGE_STANDARD = "gnu++14";
				CLANG_CXX_LIBRARY = "libc++";
				CLANG_ENABLE_MODULES = YES;
				CLANG_ENABLE_OBJC_ARC = YES;
				CLANG_ENABLE_OBJC_WEAK = YES;
				CLANG_WARN_BLOCK_CAPTURE_AUTORELEASING = YES;
				CLANG_WARN_BOOL_CONVERSION = YES;
				CLANG_WARN_COMMA = YES;
				CLANG_WARN_CONSTANT_CONVERSION = YES;
				CLANG_WARN_DEPRECATED_OBJC_IMPLEMENTATIONS = YES;
				CLANG_WARN_DIRECT_OBJC_ISA_USAGE = YES_ERROR;
				CLANG_WARN_DOCUMENTATION_COMMENTS = YES;
				CLANG_WARN_EMPTY_BODY = YES;
				CLANG_WARN_ENUM_CONVERSION = YES;
				CLANG_WARN_INFINITE_RECURSION = YES;
				CLANG_WARN_INT_CONVERSION = YES;
				CLANG_WARN_NON_LITERAL_NULL_CONVERSION = YES;
				CLANG_WARN_OBJC_IMPLICIT_RETAIN_SELF = YES;
				CLANG_WARN_OBJC_LITERAL_CONVERSION = YES;
				CLANG_WARN_OBJC_ROOT_CLASS = YES_ERROR;
				CLANG_WARN_RANGE_LOOP_ANALYSIS = YES;
				CLANG_WARN_STRICT_PROTOTYPES = YES;
				CLANG_WARN_SUSPICIOUS_MOVE = YES;
				CLANG_WARN_UNGUARDED_AVAILABILITY = YES_AGGRESSIVE;
				CLANG_WARN_UNREACHABLE_CODE = YES;
				CLANG_WARN__DUPLICATE_METHOD_MATCH = YES;
				COPY_PHASE_STRIP = NO;
				DEBUG_INFORMATION_FORMAT = dwarf;
				ENABLE_STRICT_OBJC_MSGSEND = YES;
				ENABLE_TESTABILITY = YES;
				GCC_C_LANGUAGE_STANDARD = gnu11;
				GCC_DYNAMIC_NO_PIC = NO;
				GCC_NO_COMMON_BLOCKS = YES;
				GCC_OPTIMIZATION_LEVEL = 0;
				GCC_PREPROCESSOR_DEFINITIONS = (
					"DEBUG=1",
					"$(inherited)",
				);
				GCC_WARN_64_TO_32_BIT_CONVERSION = YES;
				GCC_WARN_ABOUT_RETURN_TYPE = YES_ERROR;
				GCC_WARN_UNDECLARED_SELECTOR = YES;
				GCC_WARN_UNINITIALIZED_AUTOS = YES_AGGRESSIVE;
				GCC_WARN_UNUSED_FUNCTION = YES;
				GCC_WARN_UNUSED_VARIABLE = YES;
				IPHONEOS_DEPLOYMENT_TARGET = 13.2;
				MTL_ENABLE_DEBUG_INFO = INCLUDE_SOURCE;
				MTL_FAST_MATH = YES;
				ONLY_ACTIVE_ARCH = YES;
				SDKROOT = iphoneos;
				SWIFT_ACTIVE_COMPILATION_CONDITIONS = DEBUG;
				SWIFT_OPTIMIZATION_LEVEL = "-Onone";
			};
			name = Debug;
		};
		246AFB71242FC78A00C33481 /* Release */ = {
			isa = XCBuildConfiguration;
			buildSettings = {
				ALWAYS_SEARCH_USER_PATHS = NO;
				CLANG_ANALYZER_NONNULL = YES;
				CLANG_ANALYZER_NUMBER_OBJECT_CONVERSION = YES_AGGRESSIVE;
				CLANG_CXX_LANGUAGE_STANDARD = "gnu++14";
				CLANG_CXX_LIBRARY = "libc++";
				CLANG_ENABLE_MODULES = YES;
				CLANG_ENABLE_OBJC_ARC = YES;
				CLANG_ENABLE_OBJC_WEAK = YES;
				CLANG_WARN_BLOCK_CAPTURE_AUTORELEASING = YES;
				CLANG_WARN_BOOL_CONVERSION = YES;
				CLANG_WARN_COMMA = YES;
				CLANG_WARN_CONSTANT_CONVERSION = YES;
				CLANG_WARN_DEPRECATED_OBJC_IMPLEMENTATIONS = YES;
				CLANG_WARN_DIRECT_OBJC_ISA_USAGE = YES_ERROR;
				CLANG_WARN_DOCUMENTATION_COMMENTS = YES;
				CLANG_WARN_EMPTY_BODY = YES;
				CLANG_WARN_ENUM_CONVERSION = YES;
				CLANG_WARN_INFINITE_RECURSION = YES;
				CLANG_WARN_INT_CONVERSION = YES;
				CLANG_WARN_NON_LITERAL_NULL_CONVERSION = YES;
				CLANG_WARN_OBJC_IMPLICIT_RETAIN_SELF = YES;
				CLANG_WARN_OBJC_LITERAL_CONVERSION = YES;
				CLANG_WARN_OBJC_ROOT_CLASS = YES_ERROR;
				CLANG_WARN_RANGE_LOOP_ANALYSIS = YES;
				CLANG_WARN_STRICT_PROTOTYPES = YES;
				CLANG_WARN_SUSPICIOUS_MOVE = YES;
				CLANG_WARN_UNGUARDED_AVAILABILITY = YES_AGGRESSIVE;
				CLANG_WARN_UNREACHABLE_CODE = YES;
				CLANG_WARN__DUPLICATE_METHOD_MATCH = YES;
				COPY_PHASE_STRIP = NO;
				DEBUG_INFORMATION_FORMAT = "dwarf-with-dsym";
				ENABLE_NS_ASSERTIONS = NO;
				ENABLE_STRICT_OBJC_MSGSEND = YES;
				GCC_C_LANGUAGE_STANDARD = gnu11;
				GCC_NO_COMMON_BLOCKS = YES;
				GCC_WARN_64_TO_32_BIT_CONVERSION = YES;
				GCC_WARN_ABOUT_RETURN_TYPE = YES_ERROR;
				GCC_WARN_UNDECLARED_SELECTOR = YES;
				GCC_WARN_UNINITIALIZED_AUTOS = YES_AGGRESSIVE;
				GCC_WARN_UNUSED_FUNCTION = YES;
				GCC_WARN_UNUSED_VARIABLE = YES;
				IPHONEOS_DEPLOYMENT_TARGET = 13.2;
				MTL_ENABLE_DEBUG_INFO = NO;
				MTL_FAST_MATH = YES;
				SDKROOT = iphoneos;
				SWIFT_COMPILATION_MODE = wholemodule;
				SWIFT_OPTIMIZATION_LEVEL = "-O";
				VALIDATE_PRODUCT = YES;
			};
			name = Release;
		};
		246AFB73242FC78A00C33481 /* Debug */ = {
			isa = XCBuildConfiguration;
			buildSettings = {
				ASSETCATALOG_COMPILER_APPICON_NAME = AppIcon;
				CODE_SIGN_STYLE = Automatic;
				DEVELOPMENT_TEAM = 3U8UCML698;
				INFOPLIST_FILE = BudgetApp/Info.plist;
				LD_RUNPATH_SEARCH_PATHS = (
					"$(inherited)",
					"@executable_path/Frameworks",
				);
				PRODUCT_BUNDLE_IDENTIFIER = com.Kozich.BudgetApp;
				PRODUCT_NAME = "$(TARGET_NAME)";
				SWIFT_VERSION = 5.0;
				TARGETED_DEVICE_FAMILY = "1,2";
			};
			name = Debug;
		};
		246AFB74242FC78A00C33481 /* Release */ = {
			isa = XCBuildConfiguration;
			buildSettings = {
				ASSETCATALOG_COMPILER_APPICON_NAME = AppIcon;
				CODE_SIGN_STYLE = Automatic;
				DEVELOPMENT_TEAM = 3U8UCML698;
				INFOPLIST_FILE = BudgetApp/Info.plist;
				LD_RUNPATH_SEARCH_PATHS = (
					"$(inherited)",
					"@executable_path/Frameworks",
				);
				PRODUCT_BUNDLE_IDENTIFIER = com.Kozich.BudgetApp;
				PRODUCT_NAME = "$(TARGET_NAME)";
				SWIFT_VERSION = 5.0;
				TARGETED_DEVICE_FAMILY = "1,2";
			};
			name = Release;
		};
		246AFB76242FC78A00C33481 /* Debug */ = {
			isa = XCBuildConfiguration;
			buildSettings = {
				ALWAYS_EMBED_SWIFT_STANDARD_LIBRARIES = YES;
				BUNDLE_LOADER = "$(TEST_HOST)";
				CODE_SIGN_STYLE = Automatic;
				DEVELOPMENT_TEAM = 3U8UCML698;
				INFOPLIST_FILE = BudgetAppTests/Info.plist;
				IPHONEOS_DEPLOYMENT_TARGET = 13.2;
				LD_RUNPATH_SEARCH_PATHS = (
					"$(inherited)",
					"@executable_path/Frameworks",
					"@loader_path/Frameworks",
				);
				PRODUCT_BUNDLE_IDENTIFIER = com.Kozich.BudgetAppTests;
				PRODUCT_NAME = "$(TARGET_NAME)";
				SWIFT_VERSION = 5.0;
				TARGETED_DEVICE_FAMILY = "1,2";
				TEST_HOST = "$(BUILT_PRODUCTS_DIR)/BudgetApp.app/BudgetApp";
			};
			name = Debug;
		};
		246AFB77242FC78A00C33481 /* Release */ = {
			isa = XCBuildConfiguration;
			buildSettings = {
				ALWAYS_EMBED_SWIFT_STANDARD_LIBRARIES = YES;
				BUNDLE_LOADER = "$(TEST_HOST)";
				CODE_SIGN_STYLE = Automatic;
				DEVELOPMENT_TEAM = 3U8UCML698;
				INFOPLIST_FILE = BudgetAppTests/Info.plist;
				IPHONEOS_DEPLOYMENT_TARGET = 13.2;
				LD_RUNPATH_SEARCH_PATHS = (
					"$(inherited)",
					"@executable_path/Frameworks",
					"@loader_path/Frameworks",
				);
				PRODUCT_BUNDLE_IDENTIFIER = com.Kozich.BudgetAppTests;
				PRODUCT_NAME = "$(TARGET_NAME)";
				SWIFT_VERSION = 5.0;
				TARGETED_DEVICE_FAMILY = "1,2";
				TEST_HOST = "$(BUILT_PRODUCTS_DIR)/BudgetApp.app/BudgetApp";
			};
			name = Release;
		};
		246AFB79242FC78A00C33481 /* Debug */ = {
			isa = XCBuildConfiguration;
			buildSettings = {
				ALWAYS_EMBED_SWIFT_STANDARD_LIBRARIES = YES;
				CODE_SIGN_STYLE = Automatic;
				DEVELOPMENT_TEAM = 3U8UCML698;
				INFOPLIST_FILE = BudgetAppUITests/Info.plist;
				LD_RUNPATH_SEARCH_PATHS = (
					"$(inherited)",
					"@executable_path/Frameworks",
					"@loader_path/Frameworks",
				);
				PRODUCT_BUNDLE_IDENTIFIER = com.Kozich.BudgetAppUITests;
				PRODUCT_NAME = "$(TARGET_NAME)";
				SWIFT_VERSION = 5.0;
				TARGETED_DEVICE_FAMILY = "1,2";
				TEST_TARGET_NAME = BudgetApp;
			};
			name = Debug;
		};
		246AFB7A242FC78A00C33481 /* Release */ = {
			isa = XCBuildConfiguration;
			buildSettings = {
				ALWAYS_EMBED_SWIFT_STANDARD_LIBRARIES = YES;
				CODE_SIGN_STYLE = Automatic;
				DEVELOPMENT_TEAM = 3U8UCML698;
				INFOPLIST_FILE = BudgetAppUITests/Info.plist;
				LD_RUNPATH_SEARCH_PATHS = (
					"$(inherited)",
					"@executable_path/Frameworks",
					"@loader_path/Frameworks",
				);
				PRODUCT_BUNDLE_IDENTIFIER = com.Kozich.BudgetAppUITests;
				PRODUCT_NAME = "$(TARGET_NAME)";
				SWIFT_VERSION = 5.0;
				TARGETED_DEVICE_FAMILY = "1,2";
				TEST_TARGET_NAME = BudgetApp;
			};
			name = Release;
		};
/* End XCBuildConfiguration section */

/* Begin XCConfigurationList section */
		246AFB43242FC78500C33481 /* Build configuration list for PBXProject "BudgetApp" */ = {
			isa = XCConfigurationList;
			buildConfigurations = (
				246AFB70242FC78A00C33481 /* Debug */,
				246AFB71242FC78A00C33481 /* Release */,
			);
			defaultConfigurationIsVisible = 0;
			defaultConfigurationName = Release;
		};
		246AFB72242FC78A00C33481 /* Build configuration list for PBXNativeTarget "BudgetApp" */ = {
			isa = XCConfigurationList;
			buildConfigurations = (
				246AFB73242FC78A00C33481 /* Debug */,
				246AFB74242FC78A00C33481 /* Release */,
			);
			defaultConfigurationIsVisible = 0;
			defaultConfigurationName = Release;
		};
		246AFB75242FC78A00C33481 /* Build configuration list for PBXNativeTarget "BudgetAppTests" */ = {
			isa = XCConfigurationList;
			buildConfigurations = (
				246AFB76242FC78A00C33481 /* Debug */,
				246AFB77242FC78A00C33481 /* Release */,
			);
			defaultConfigurationIsVisible = 0;
			defaultConfigurationName = Release;
		};
		246AFB78242FC78A00C33481 /* Build configuration list for PBXNativeTarget "BudgetAppUITests" */ = {
			isa = XCConfigurationList;
			buildConfigurations = (
				246AFB79242FC78A00C33481 /* Debug */,
				246AFB7A242FC78A00C33481 /* Release */,
			);
			defaultConfigurationIsVisible = 0;
			defaultConfigurationName = Release;
		};
/* End XCConfigurationList section */
	};
	rootObject = 246AFB40242FC78500C33481 /* Project object */;
}
